
Microsoft Visual Studio Solution File, Format Version 12.00
# Visual Studio 15
VisualStudioVersion = 15.0.27703.2000
MinimumVisualStudioVersion = 10.0.40219.1
Project("{FAE04EC0-301F-11D3-BF4B-00C04F79EFBC}") = "NetCore3", "NetCore3\NetCore3.csproj", "{A3C1A6FF-F4FE-4EFC-8A46-455B232FDCD5}"
EndProject
Project("{2150E333-8FDC-42A3-9474-1A3956D46DE8}") = "Solution Items", "Solution Items", "{AD01C3E1-B244-42BF-8C09-616923D98190}"
	ProjectSection(SolutionItems) = preProject
		NetCore3\.gitignore = NetCore3\.gitignore
	EndProjectSection
EndProject
Global
	GlobalSection(SolutionConfigurationPlatforms) = preSolution
		Debug|Any CPU = Debug|Any CPU
		Release|Any CPU = Release|Any CPU
	EndGlobalSection
	GlobalSection(ProjectConfigurationPlatforms) = postSolution
		{A3C1A6FF-F4FE-4EFC-8A46-455B232FDCD5}.Debug|Any CPU.ActiveCfg = Debug|Any CPU
		{A3C1A6FF-F4FE-4EFC-8A46-455B232FDCD5}.Debug|Any CPU.Build.0 = Debug|Any CPU
		{A3C1A6FF-F4FE-4EFC-8A46-455B232FDCD5}.Release|Any CPU.ActiveCfg = Release|Any CPU
		{A3C1A6FF-F4FE-4EFC-8A46-455B232FDCD5}.Release|Any CPU.Build.0 = Release|Any CPU
	EndGlobalSection
	GlobalSection(SolutionProperties) = preSolution
		HideSolutionNode = FALSE
	EndGlobalSection
	GlobalSection(ExtensibilityGlobals) = postSolution
		SolutionGuid = {77E547C6-78F0-4C92-BC72-1E850A431554}
	EndGlobalSection
EndGlobal
